{
  "name": "raphael-tools",
  "version": "2.1.2",
  "lockfileVersion": 3,
  "requires": true,
  "packages": {
    "": {
      "name": "raphael-tools",
      "version": "2.1.2",
      "license": "MIT",
      "dependencies": {
        "raphael": "2.1.4"
      }
    },
    "node_modules/eve": {
      "version": "0.4.1",
      "resolved": "git+ssh://git@github.com/adobe-webplatform/eve.git#eef80ed8d188423c2272746fb8ae5cc8dad84cb1"
    },
    "node_modules/raphael": {
      "version": "2.1.4",
      "resolved": "https://registry.npmjs.org/raphael/-/raphael-2.1.4.tgz",
      "integrity": "sha512-5BVQZldxEGZM9htvUBhO1erclzs/qPA55lwIFBgB1o+pMtzwvyDGdv5INN7dH0kJOc3d1IlqHlzgvyvTjc4g1Q==",
      "license": "MIT",
      "dependencies": {
        "eve": "git://github.com/adobe-webplatform/eve.git#eef80ed"
      }
    }
  }
}
